// !$*UTF8*$!
{
	archiveVersion = 1;
	classes = {
	};
	objectVersion = 46;
	objects = {

/* Begin PBXBuildFile section */
		A8490DE316F99B81008E2A43 /* UIKit.framework in Frameworks */ = {isa = PBXBuildFile; fileRef = A8490DE216F99B81008E2A43 /* UIKit.framework */; };
		A8490DE516F99B81008E2A43 /* Foundation.framework in Frameworks */ = {isa = PBXBuildFile; fileRef = A8490DE416F99B81008E2A43 /* Foundation.framework */; };
		A8490DE716F99B81008E2A43 /* CoreGraphics.framework in Frameworks */ = {isa = PBXBuildFile; fileRef = A8490DE616F99B81008E2A43 /* CoreGraphics.framework */; };
		A8490DED16F99B81008E2A43 /* InfoPlist.strings in Resources */ = {isa = PBXBuildFile; fileRef = A8490DEB16F99B81008E2A43 /* InfoPlist.strings */; };
		A8490DEF16F99B81008E2A43 /* main.m in Sources */ = {isa = PBXBuildFile; fileRef = A8490DEE16F99B81008E2A43 /* main.m */; };
		A8490DF316F99B81008E2A43 /* IOMakerAppDelegate.m in Sources */ = {isa = PBXBuildFile; fileRef = A8490DF216F99B81008E2A43 /* IOMakerAppDelegate.m */; };
		A8490DF516F99B81008E2A43 /* Default.png in Resources */ = {isa = PBXBuildFile; fileRef = A8490DF416F99B81008E2A43 /* Default.png */; };
		A8490DF716F99B82008E2A43 /* Default@2x.png in Resources */ = {isa = PBXBuildFile; fileRef = A8490DF616F99B82008E2A43 /* Default@2x.png */; };
		A8490DF916F99B82008E2A43 /* Default-568h@2x.png in Resources */ = {isa = PBXBuildFile; fileRef = A8490DF816F99B82008E2A43 /* Default-568h@2x.png */; };
		A8490DFC16F99B82008E2A43 /* IOMakerViewController.m in Sources */ = {isa = PBXBuildFile; fileRef = A8490DFB16F99B82008E2A43 /* IOMakerViewController.m */; };
		A8490DFF16F99B82008E2A43 /* IOMakerViewController.xib in Resources */ = {isa = PBXBuildFile; fileRef = A8490DFD16F99B82008E2A43 /* IOMakerViewController.xib */; };
/* End PBXBuildFile section */

/* Begin PBXFileReference section */
		A8490DDE16F99B81008E2A43 /* IOMaker.app */ = {isa = PBXFileReference; explicitFileType = wrapper.application; includeInIndex = 0; path = IOMaker.app; sourceTree = BUILT_PRODUCTS_DIR; };
		A8490DE216F99B81008E2A43 /* UIKit.framework */ = {isa = PBXFileReference; lastKnownFileType = wrapper.framework; name = UIKit.framework; path = System/Library/Frameworks/UIKit.framework; sourceTree = SDKROOT; };
		A8490DE416F99B81008E2A43 /* Foundation.framework */ = {isa = PBXFileReference; lastKnownFileType = wrapper.framework; name = Foundation.framework; path = System/Library/Frameworks/Foundation.framework; sourceTree = SDKROOT; };
		A8490DE616F99B81008E2A43 /* CoreGraphics.framework */ = {isa = PBXFileReference; lastKnownFileType = wrapper.framework; name = CoreGraphics.framework; path = System/Library/Frameworks/CoreGraphics.framework; sourceTree = SDKROOT; };
		A8490DEA16F99B81008E2A43 /* IOMaker-Info.plist */ = {isa = PBXFileReference; lastKnownFileType = text.plist.xml; path = "IOMaker-Info.plist"; sourceTree = "<group>"; };
		A8490DEC16F99B81008E2A43 /* en */ = {isa = PBXFileReference; lastKnownFileType = text.plist.strings; name = en; path = en.lproj/InfoPlist.strings; sourceTree = "<group>"; };
		A8490DEE16F99B81008E2A43 /* main.m */ = {isa = PBXFileReference; lastKnownFileType = sourcecode.c.objc; path = main.m; sourceTree = "<group>"; };
		A8490DF016F99B81008E2A43 /* IOMaker-Prefix.pch */ = {isa = PBXFileReference; lastKnownFileType = sourcecode.c.h; path = "IOMaker-Prefix.pch"; sourceTree = "<group>"; };
		A8490DF116F99B81008E2A43 /* IOMakerAppDelegate.h */ = {isa = PBXFileReference; lastKnownFileType = sourcecode.c.h; path = IOMakerAppDelegate.h; sourceTree = "<group>"; };
		A8490DF216F99B81008E2A43 /* IOMakerAppDelegate.m */ = {isa = PBXFileReference; lastKnownFileType = sourcecode.c.objc; path = IOMakerAppDelegate.m; sourceTree = "<group>"; };
		A8490DF416F99B81008E2A43 /* Default.png */ = {isa = PBXFileReference; lastKnownFileType = image.png; path = Default.png; sourceTree = "<group>"; };
		A8490DF616F99B82008E2A43 /* Default@2x.png */ = {isa = PBXFileReference; lastKnownFileType = image.png; path = "Default@2x.png"; sourceTree = "<group>"; };
		A8490DF816F99B82008E2A43 /* Default-568h@2x.png */ = {isa = PBXFileReference; lastKnownFileType = image.png; path = "Default-568h@2x.png"; sourceTree = "<group>"; };
		A8490DFA16F99B82008E2A43 /* IOMakerViewController.h */ = {isa = PBXFileReference; lastKnownFileType = sourcecode.c.h; path = IOMakerViewController.h; sourceTree = "<group>"; };
		A8490DFB16F99B82008E2A43 /* IOMakerViewController.m */ = {isa = PBXFileReference; lastKnownFileType = sourcecode.c.objc; path = IOMakerViewController.m; sourceTree = "<group>"; };
		A8490DFE16F99B82008E2A43 /* en */ = {isa = PBXFileReference; lastKnownFileType = file.xib; name = en; path = en.lproj/IOMakerViewController.xib; sourceTree = "<group>"; };
/* End PBXFileReference section */

/* Begin PBXFrameworksBuildPhase section */
		A8490DDB16F99B81008E2A43 /* Frameworks */ = {
			isa = PBXFrameworksBuildPhase;
			buildActionMask = 2147483647;
			files = (
				A8490DE316F99B81008E2A43 /* UIKit.framework in Frameworks */,
				A8490DE516F99B81008E2A43 /* Foundation.framework in Frameworks */,
				A8490DE716F99B81008E2A43 /* CoreGraphics.framework in Frameworks */,
			);
			runOnlyForDeploymentPostprocessing = 0;
		};
/* End PBXFrameworksBuildPhase section */

/* Begin PBXGroup section */
		A8490DD316F99B81008E2A43 = {
			isa = PBXGroup;
			children = (
				A8490DE816F99B81008E2A43 /* IOMaker */,
				A8490DE116F99B81008E2A43 /* Frameworks */,
				A8490DDF16F99B81008E2A43 /* Products */,
			);
			sourceTree = "<group>";
		};
		A8490DDF16F99B81008E2A43 /* Products */ = {
			isa = PBXGroup;
			children = (
				A8490DDE16F99B81008E2A43 /* IOMaker.app */,
			);
			name = Products;
			sourceTree = "<group>";
		};
		A8490DE116F99B81008E2A43 /* Frameworks */ = {
			isa = PBXGroup;
			children = (
				A8490DE216F99B81008E2A43 /* UIKit.framework */,
				A8490DE416F99B81008E2A43 /* Foundation.framework */,
				A8490DE616F99B81008E2A43 /* CoreGraphics.framework */,
			);
			name = Frameworks;
			sourceTree = "<group>";
		};
		A8490DE816F99B81008E2A43 /* IOMaker */ = {
			isa = PBXGroup;
			children = (
				A8490DF116F99B81008E2A43 /* IOMakerAppDelegate.h */,
				A8490DF216F99B81008E2A43 /* IOMakerAppDelegate.m */,
				A8490DFA16F99B82008E2A43 /* IOMakerViewController.h */,
				A8490DFB16F99B82008E2A43 /* IOMakerViewController.m */,
				A8490DFD16F99B82008E2A43 /* IOMakerViewController.xib */,
				A8490DE916F99B81008E2A43 /* Supporting Files */,
			);
			path = IOMaker;
			sourceTree = "<group>";
		};
		A8490DE916F99B81008E2A43 /* Supporting Files */ = {
			isa = PBXGroup;
			children = (
				A8490DEA16F99B81008E2A43 /* IOMaker-Info.plist */,
				A8490DEB16F99B81008E2A43 /* InfoPlist.strings */,
				A8490DEE16F99B81008E2A43 /* main.m */,
				A8490DF016F99B81008E2A43 /* IOMaker-Prefix.pch */,
				A8490DF416F99B81008E2A43 /* Default.png */,
				A8490DF616F99B82008E2A43 /* Default@2x.png */,
				A8490DF816F99B82008E2A43 /* Default-568h@2x.png */,
			);
			name = "Supporting Files";
			sourceTree = "<group>";
		};
/* End PBXGroup section */

/* Begin PBXNativeTarget section */
		A8490DDD16F99B81008E2A43 /* IOMaker */ = {
			isa = PBXNativeTarget;
			buildConfigurationList = A8490E0216F99B82008E2A43 /* Build configuration list for PBXNativeTarget "IOMaker" */;
			buildPhases = (
				A8490DDA16F99B81008E2A43 /* Sources */,
				A8490DDB16F99B81008E2A43 /* Frameworks */,
				A8490DDC16F99B81008E2A43 /* Resources */,
			);
			buildRules = (
			);
			dependencies = (
			);
			name = IOMaker;
			productName = IOMaker;
			productReference = A8490DDE16F99B81008E2A43 /* IOMaker.app */;
			productType = "com.apple.product-type.application";
		};
/* End PBXNativeTarget section */

/* Begin PBXProject section */
		A8490DD516F99B81008E2A43 /* Project object */ = {
			isa = PBXProject;
			attributes = {
				CLASSPREFIX = IOMaker;
				LastUpgradeCheck = 0450;
				ORGANIZATIONNAME = wans;
			};
			buildConfigurationList = A8490DD816F99B81008E2A43 /* Build configuration list for PBXProject "IOMaker" */;
			compatibilityVersion = "Xcode 3.2";
			developmentRegion = English;
			hasScannedForEncodings = 0;
			knownRegions = (
				en,
			);
			mainGroup = A8490DD316F99B81008E2A43;
			productRefGroup = A8490DDF16F99B81008E2A43 /* Products */;
			projectDirPath = "";
			projectRoot = "";
			targets = (
				A8490DDD16F99B81008E2A43 /* IOMaker */,
			);
		};
/* End PBXProject section */

/* Begin PBXResourcesBuildPhase section */
		A8490DDC16F99B81008E2A43 /* Resources */ = {
			isa = PBXResourcesBuildPhase;
			buildActionMask = 2147483647;
			files = (
				A8490DED16F99B81008E2A43 /* InfoPlist.strings in Resources */,
				A8490DF516F99B81008E2A43 /* Default.png in Resources */,
				A8490DF716F99B82008E2A43 /* Default@2x.png in Resources */,
				A8490DF916F99B82008E2A43 /* Default-568h@2x.png in Resources */,
				A8490DFF16F99B82008E2A43 /* IOMakerViewController.xib in Resources */,
			);
			runOnlyForDeploymentPostprocessing = 0;
		};
/* End PBXResourcesBuildPhase section */

/* Begin PBXSourcesBuildPhase section */
		A8490DDA16F99B81008E2A43 /* Sources */ = {
			isa = PBXSourcesBuildPhase;
			buildActionMask = 2147483647;
			files = (
				A8490DEF16F99B81008E2A43 /* main.m in Sources */,
				A8490DF316F99B81008E2A43 /* IOMakerAppDelegate.m in Sources */,
				A8490DFC16F99B82008E2A43 /* IOMakerViewController.m in Sources */,
			);
			runOnlyForDeploymentPostprocessing = 0;
		};
/* End PBXSourcesBuildPhase section */

/* Begin PBXVariantGroup section */
		A8490DEB16F99B81008E2A43 /* InfoPlist.strings */ = {
			isa = PBXVariantGroup;
			children = (
				A8490DEC16F99B81008E2A43 /* en */,
			);
			name = InfoPlist.strings;
			sourceTree = "<group>";
		};
		A8490DFD16F99B82008E2A43 /* IOMakerViewController.xib */ = {
			isa = PBXVariantGroup;
			children = (
				A8490DFE16F99B82008E2A43 /* en */,
			);
			name = IOMakerViewController.xib;
			sourceTree = "<group>";
		};
/* End PBXVariantGroup section */

/* Begin XCBuildConfiguration section */
		A8490E0016F99B82008E2A43 /* Debug */ = {
			isa = XCBuildConfiguration;
			buildSettings = {
				ALWAYS_SEARCH_USER_PATHS = NO;
				CLANG_CXX_LANGUAGE_STANDARD = "gnu++0x";
				CLANG_CXX_LIBRARY = "libc++";
				CLANG_ENABLE_OBJC_ARC = YES;
				CLANG_WARN_EMPTY_BODY = YES;
				CLANG_WARN__DUPLICATE_METHOD_MATCH = YES;
				"CODE_SIGN_IDENTITY[sdk=iphoneos*]" = "iPhone Developer";
				COPY_PHASE_STRIP = NO;
				GCC_C_LANGUAGE_STANDARD = gnu99;
				GCC_DYNAMIC_NO_PIC = NO;
				GCC_OPTIMIZATION_LEVEL = 0;
				GCC_PREPROCESSOR_DEFINITIONS = (
					"DEBUG=1",
					"$(inherited)",
				);
				GCC_SYMBOLS_PRIVATE_EXTERN = NO;
				GCC_WARN_ABOUT_RETURN_TYPE = YES;
				GCC_WARN_UNINITIALIZED_AUTOS = YES;
				GCC_WARN_UNUSED_VARIABLE = YES;
				IPHONEOS_DEPLOYMENT_TARGET = 6.0;
				SDKROOT = iphoneos;
			};
			name = Debug;
		};
		A8490E0116F99B82008E2A43 /* Release */ = {
			isa = XCBuildConfiguration;
			buildSettings = {
				ALWAYS_SEARCH_USER_PATHS = NO;
				CLANG_CXX_LANGUAGE_STANDARD = "gnu++0x";
				CLANG_CXX_LIBRARY = "libc++";
				CLANG_ENABLE_OBJC_ARC = YES;
				CLANG_WARN_EMPTY_BODY = YES;
				CLANG_WARN__DUPLICATE_METHOD_MATCH = YES;
				"CODE_SIGN_IDENTITY[sdk=iphoneos*]" = "iPhone Developer";
				COPY_PHASE_STRIP = YES;
				GCC_C_LANGUAGE_STANDARD = gnu99;
				GCC_WARN_ABOUT_RETURN_TYPE = YES;
				GCC_WARN_UNINITIALIZED_AUTOS = YES;
				GCC_WARN_UNUSED_VARIABLE = YES;
				IPHONEOS_DEPLOYMENT_TARGET = 6.0;
				OTHER_CFLAGS = "-DNS_BLOCK_ASSERTIONS=1";
				SDKROOT = iphoneos;
				VALIDATE_PRODUCT = YES;
			};
			name = Release;
		};
		A8490E0316F99B82008E2A43 /* Debug */ = {
			isa = XCBuildConfiguration;
			buildSettings = {
				GCC_PRECOMPILE_PREFIX_HEADER = YES;
				GCC_PREFIX_HEADER = "IOMaker/IOMaker-Prefix.pch";
				INFOPLIST_FILE = "IOMaker/IOMaker-Info.plist";
				PRODUCT_NAME = "$(TARGET_NAME)";
				WRAPPER_EXTENSION = app;
			};
			name = Debug;
		};
		A8490E0416F99B82008E2A43 /* Release */ = {
			isa = XCBuildConfiguration;
			buildSettings = {
				GCC_PRECOMPILE_PREFIX_HEADER = YES;
				GCC_PREFIX_HEADER = "IOMaker/IOMaker-Prefix.pch";
				INFOPLIST_FILE = "IOMaker/IOMaker-Info.plist";
				PRODUCT_NAME = "$(TARGET_NAME)";
				WRAPPER_EXTENSION = app;
			};
			name = Release;
		};
/* End XCBuildConfiguration section */

/* Begin XCConfigurationList section */
		A8490DD816F99B81008E2A43 /* Build configuration list for PBXProject "IOMaker" */ = {
			isa = XCConfigurationList;
			buildConfigurations = (
				A8490E0016F99B82008E2A43 /* Debug */,
				A8490E0116F99B82008E2A43 /* Release */,
			);
			defaultConfigurationIsVisible = 0;
			defaultConfigurationName = Release;
		};
		A8490E0216F99B82008E2A43 /* Build configuration list for PBXNativeTarget "IOMaker" */ = {
			isa = XCConfigurationList;
			buildConfigurations = (
				A8490E0316F99B82008E2A43 /* Debug */,
				A8490E0416F99B82008E2A43 /* Release */,
			);
			defaultConfigurationIsVisible = 0;
		};
/* End XCConfigurationList section */
	};
	rootObject = A8490DD516F99B81008E2A43 /* Project object */;
}
